
Microsoft Visual Studio Solution File, Format Version 12.00
# Visual Studio Version 17
VisualStudioVersion = 17.1.32319.34
MinimumVisualStudioVersion = 10.0.40219.1
Project("{FAE04EC0-301F-11D3-BF4B-00C04F79EFBC}") = "Rabobank.TechnicalTest.GCOB", "Rabobank.TechnicalTest.GCOB\Rabobank.TechnicalTest.GCOB.csproj", "{392475FD-D944-46FC-8BBB-76E039F33569}"
EndProject
Project("{FAE04EC0-301F-11D3-BF4B-00C04F79EFBC}") = "Rabobank.TechnicalTest.GCOB.Tests", "Rabobank.TechnicalTest.GCOB.Tests\Rabobank.TechnicalTest.GCOB.Tests.csproj", "{11BB40E4-44A9-42F7-8559-B0424B63A12F}"
EndProject
Global
	GlobalSection(SolutionConfigurationPlatforms) = preSolution
		Debug|Any CPU = Debug|Any CPU
		Release|Any CPU = Release|Any CPU
	EndGlobalSection
	GlobalSection(ProjectConfigurationPlatforms) = postSolution
		{392475FD-D944-46FC-8BBB-76E039F33569}.Debug|Any CPU.ActiveCfg = Debug|Any CPU
		{392475FD-D944-46FC-8BBB-76E039F33569}.Debug|Any CPU.Build.0 = Debug|Any CPU
		{392475FD-D944-46FC-8BBB-76E039F33569}.Release|Any CPU.ActiveCfg = Release|Any CPU
		{392475FD-D944-46FC-8BBB-76E039F33569}.Release|Any CPU.Build.0 = Release|Any CPU
		{11BB40E4-44A9-42F7-8559-B0424B63A12F}.Debug|Any CPU.ActiveCfg = Debug|Any CPU
		{11BB40E4-44A9-42F7-8559-B0424B63A12F}.Debug|Any CPU.Build.0 = Debug|Any CPU
		{11BB40E4-44A9-42F7-8559-B0424B63A12F}.Release|Any CPU.ActiveCfg = Release|Any CPU
		{11BB40E4-44A9-42F7-8559-B0424B63A12F}.Release|Any CPU.Build.0 = Release|Any CPU
	EndGlobalSection
	GlobalSection(SolutionProperties) = preSolution
		HideSolutionNode = FALSE
	EndGlobalSection
	GlobalSection(ExtensibilityGlobals) = postSolution
		SolutionGuid = {44C07CB4-44FE-496C-B4BA-AD18172EE4FD}
	EndGlobalSection
EndGlobal
